
Microsoft Visual Studio Solution File, Format Version 12.00
# Visual Studio Version 16
VisualStudioVersion = 16.0.30621.155
MinimumVisualStudioVersion = 10.0.40219.1
Project("{9A19103F-16F7-4668-BE54-9A1E7A4F7556}") = "WebApi", "WebApi.csproj", "{3062B9B4-99CC-47DD-99EB-3AEA4AFCEE4B}"
EndProject
Global
	GlobalSection(SolutionConfigurationPlatforms) = preSolution
		Debug|Any CPU = Debug|Any CPU
		Release|Any CPU = Release|Any CPU
	EndGlobalSection
	GlobalSection(ProjectConfigurationPlatforms) = postSolution
		{3062B9B4-99CC-47DD-99EB-3AEA4AFCEE4B}.Debug|Any CPU.ActiveCfg = Debug|Any CPU
		{3062B9B4-99CC-47DD-99EB-3AEA4AFCEE4B}.Debug|Any CPU.Build.0 = Debug|Any CPU
		{3062B9B4-99CC-47DD-99EB-3AEA4AFCEE4B}.Release|Any CPU.ActiveCfg = Release|Any CPU
		{3062B9B4-99CC-47DD-99EB-3AEA4AFCEE4B}.Release|Any CPU.Build.0 = Release|Any CPU
	EndGlobalSection
	GlobalSection(SolutionProperties) = preSolution
		HideSolutionNode = FALSE
	EndGlobalSection
	GlobalSection(ExtensibilityGlobals) = postSolution
		SolutionGuid = {FE68C872-DC3D-48CC-A8BF-BC4B47F2F33F}
	EndGlobalSection
EndGlobal
